
Microsoft Visual Studio Solution File, Format Version 12.00
# Visual Studio 2013
VisualStudioVersion = 12.0.31101.0
MinimumVisualStudioVersion = 10.0.40219.1
Project("{FAE04EC0-301F-11D3-BF4B-00C04F79EFBC}") = "Interview", "Interview\Interview.csproj", "{F79EA8EB-F73B-4304-A79A-6E98FC898A88}"
EndProject
Project("{FAE04EC0-301F-11D3-BF4B-00C04F79EFBC}") = "Interview.Tests", "Interview.Tests\Interview.Tests.csproj", "{28DB8D58-A6E8-4EBF-AAC3-2D0D11EA1ADD}"
EndProject
Global
	GlobalSection(SolutionConfigurationPlatforms) = preSolution
		Debug|Any CPU = Debug|Any CPU
		Release|Any CPU = Release|Any CPU
	EndGlobalSection
	GlobalSection(ProjectConfigurationPlatforms) = postSolution
		{F79EA8EB-F73B-4304-A79A-6E98FC898A88}.Debug|Any CPU.ActiveCfg = Debug|Any CPU
		{F79EA8EB-F73B-4304-A79A-6E98FC898A88}.Debug|Any CPU.Build.0 = Debug|Any CPU
		{F79EA8EB-F73B-4304-A79A-6E98FC898A88}.Release|Any CPU.ActiveCfg = Release|Any CPU
		{F79EA8EB-F73B-4304-A79A-6E98FC898A88}.Release|Any CPU.Build.0 = Release|Any CPU
		{28DB8D58-A6E8-4EBF-AAC3-2D0D11EA1ADD}.Debug|Any CPU.ActiveCfg = Debug|Any CPU
		{28DB8D58-A6E8-4EBF-AAC3-2D0D11EA1ADD}.Debug|Any CPU.Build.0 = Debug|Any CPU
		{28DB8D58-A6E8-4EBF-AAC3-2D0D11EA1ADD}.Release|Any CPU.ActiveCfg = Release|Any CPU
		{28DB8D58-A6E8-4EBF-AAC3-2D0D11EA1ADD}.Release|Any CPU.Build.0 = Release|Any CPU
	EndGlobalSection
	GlobalSection(SolutionProperties) = preSolution
		HideSolutionNode = FALSE
	EndGlobalSection
EndGlobal
